// !$*UTF8*$!
{
	archiveVersion = 1;
	classes = {
	};
	objectVersion = 50;
	objects = {

/* Begin PBXBuildFile section */
		BC6C3A5D26BB718300840001 /* AppDelegate.swift in Sources */ = {isa = PBXBuildFile; fileRef = BC6C3A5C26BB718300840001 /* AppDelegate.swift */; };
		BC6C3A5F26BB718300840001 /* SceneDelegate.swift in Sources */ = {isa = PBXBuildFile; fileRef = BC6C3A5E26BB718300840001 /* SceneDelegate.swift */; };
		BC6C3A6126BB718300840001 /* ViewController.swift in Sources */ = {isa = PBXBuildFile; fileRef = BC6C3A6026BB718300840001 /* ViewController.swift */; };
		BC6C3A6426BB718300840001 /* Main.storyboard in Resources */ = {isa = PBXBuildFile; fileRef = BC6C3A6226BB718300840001 /* Main.storyboard */; };
		BC6C3A6726BB718300840001 /* wchallenge.xcdatamodeld in Sources */ = {isa = PBXBuildFile; fileRef = BC6C3A6526BB718300840001 /* wchallenge.xcdatamodeld */; };
		BC6C3A6926BB718600840001 /* Assets.xcassets in Resources */ = {isa = PBXBuildFile; fileRef = BC6C3A6826BB718600840001 /* Assets.xcassets */; };
		BC6C3A6C26BB718600840001 /* LaunchScreen.storyboard in Resources */ = {isa = PBXBuildFile; fileRef = BC6C3A6A26BB718600840001 /* LaunchScreen.storyboard */; };
		BC6C3A7726BB718700840001 /* wchallengeTests.swift in Sources */ = {isa = PBXBuildFile; fileRef = BC6C3A7626BB718700840001 /* wchallengeTests.swift */; };
		BC6C3A8226BB718700840001 /* wchallengeUITests.swift in Sources */ = {isa = PBXBuildFile; fileRef = BC6C3A8126BB718700840001 /* wchallengeUITests.swift */; };
/* End PBXBuildFile section */

/* Begin PBXContainerItemProxy section */
		BC6C3A7326BB718700840001 /* PBXContainerItemProxy */ = {
			isa = PBXContainerItemProxy;
			containerPortal = BC6C3A5126BB718300840001 /* Project object */;
			proxyType = 1;
			remoteGlobalIDString = BC6C3A5826BB718300840001;
			remoteInfo = wchallenge;
		};
		BC6C3A7E26BB718700840001 /* PBXContainerItemProxy */ = {
			isa = PBXContainerItemProxy;
			containerPortal = BC6C3A5126BB718300840001 /* Project object */;
			proxyType = 1;
			remoteGlobalIDString = BC6C3A5826BB718300840001;
			remoteInfo = wchallenge;
		};
/* End PBXContainerItemProxy section */

/* Begin PBXFileReference section */
		BC6C3A5926BB718300840001 /* wchallenge.app */ = {isa = PBXFileReference; explicitFileType = wrapper.application; includeInIndex = 0; path = wchallenge.app; sourceTree = BUILT_PRODUCTS_DIR; };
		BC6C3A5C26BB718300840001 /* AppDelegate.swift */ = {isa = PBXFileReference; lastKnownFileType = sourcecode.swift; path = AppDelegate.swift; sourceTree = "<group>"; };
		BC6C3A5E26BB718300840001 /* SceneDelegate.swift */ = {isa = PBXFileReference; lastKnownFileType = sourcecode.swift; path = SceneDelegate.swift; sourceTree = "<group>"; };
		BC6C3A6026BB718300840001 /* ViewController.swift */ = {isa = PBXFileReference; lastKnownFileType = sourcecode.swift; path = ViewController.swift; sourceTree = "<group>"; };
		BC6C3A6326BB718300840001 /* Base */ = {isa = PBXFileReference; lastKnownFileType = file.storyboard; name = Base; path = Base.lproj/Main.storyboard; sourceTree = "<group>"; };
		BC6C3A6626BB718300840001 /* wchallenge.xcdatamodel */ = {isa = PBXFileReference; lastKnownFileType = wrapper.xcdatamodel; path = wchallenge.xcdatamodel; sourceTree = "<group>"; };
		BC6C3A6826BB718600840001 /* Assets.xcassets */ = {isa = PBXFileReference; lastKnownFileType = folder.assetcatalog; path = Assets.xcassets; sourceTree = "<group>"; };
		BC6C3A6B26BB718600840001 /* Base */ = {isa = PBXFileReference; lastKnownFileType = file.storyboard; name = Base; path = Base.lproj/LaunchScreen.storyboard; sourceTree = "<group>"; };
		BC6C3A6D26BB718600840001 /* Info.plist */ = {isa = PBXFileReference; lastKnownFileType = text.plist.xml; path = Info.plist; sourceTree = "<group>"; };
		BC6C3A7226BB718700840001 /* wchallengeTests.xctest */ = {isa = PBXFileReference; explicitFileType = wrapper.cfbundle; includeInIndex = 0; path = wchallengeTests.xctest; sourceTree = BUILT_PRODUCTS_DIR; };
		BC6C3A7626BB718700840001 /* wchallengeTests.swift */ = {isa = PBXFileReference; lastKnownFileType = sourcecode.swift; path = wchallengeTests.swift; sourceTree = "<group>"; };
		BC6C3A7826BB718700840001 /* Info.plist */ = {isa = PBXFileReference; lastKnownFileType = text.plist.xml; path = Info.plist; sourceTree = "<group>"; };
		BC6C3A7D26BB718700840001 /* wchallengeUITests.xctest */ = {isa = PBXFileReference; explicitFileType = wrapper.cfbundle; includeInIndex = 0; path = wchallengeUITests.xctest; sourceTree = BUILT_PRODUCTS_DIR; };
		BC6C3A8126BB718700840001 /* wchallengeUITests.swift */ = {isa = PBXFileReference; lastKnownFileType = sourcecode.swift; path = wchallengeUITests.swift; sourceTree = "<group>"; };
		BC6C3A8326BB718700840001 /* Info.plist */ = {isa = PBXFileReference; lastKnownFileType = text.plist.xml; path = Info.plist; sourceTree = "<group>"; };
/* End PBXFileReference section */

/* Begin PBXFrameworksBuildPhase section */
		BC6C3A5626BB718300840001 /* Frameworks */ = {
			isa = PBXFrameworksBuildPhase;
			buildActionMask = 2147483647;
			files = (
			);
			runOnlyForDeploymentPostprocessing = 0;
		};
		BC6C3A6F26BB718700840001 /* Frameworks */ = {
			isa = PBXFrameworksBuildPhase;
			buildActionMask = 2147483647;
			files = (
			);
			runOnlyForDeploymentPostprocessing = 0;
		};
		BC6C3A7A26BB718700840001 /* Frameworks */ = {
			isa = PBXFrameworksBuildPhase;
			buildActionMask = 2147483647;
			files = (
			);
			runOnlyForDeploymentPostprocessing = 0;
		};
/* End PBXFrameworksBuildPhase section */

/* Begin PBXGroup section */
		BC6C3A5026BB718300840001 = {
			isa = PBXGroup;
			children = (
				BC6C3A5B26BB718300840001 /* wchallenge */,
				BC6C3A7526BB718700840001 /* wchallengeTests */,
				BC6C3A8026BB718700840001 /* wchallengeUITests */,
				BC6C3A5A26BB718300840001 /* Products */,
			);
			sourceTree = "<group>";
		};
		BC6C3A5A26BB718300840001 /* Products */ = {
			isa = PBXGroup;
			children = (
				BC6C3A5926BB718300840001 /* wchallenge.app */,
				BC6C3A7226BB718700840001 /* wchallengeTests.xctest */,
				BC6C3A7D26BB718700840001 /* wchallengeUITests.xctest */,
			);
			name = Products;
			sourceTree = "<group>";
		};
		BC6C3A5B26BB718300840001 /* wchallenge */ = {
			isa = PBXGroup;
			children = (
				BC6C3A5C26BB718300840001 /* AppDelegate.swift */,
				BC6C3A5E26BB718300840001 /* SceneDelegate.swift */,
				BC6C3A6026BB718300840001 /* ViewController.swift */,
				BC6C3A6226BB718300840001 /* Main.storyboard */,
				BC6C3A6826BB718600840001 /* Assets.xcassets */,
				BC6C3A6A26BB718600840001 /* LaunchScreen.storyboard */,
				BC6C3A6D26BB718600840001 /* Info.plist */,
				BC6C3A6526BB718300840001 /* wchallenge.xcdatamodeld */,
			);
			path = wchallenge;
			sourceTree = "<group>";
		};
		BC6C3A7526BB718700840001 /* wchallengeTests */ = {
			isa = PBXGroup;
			children = (
				BC6C3A7626BB718700840001 /* wchallengeTests.swift */,
				BC6C3A7826BB718700840001 /* Info.plist */,
			);
			path = wchallengeTests;
			sourceTree = "<group>";
		};
		BC6C3A8026BB718700840001 /* wchallengeUITests */ = {
			isa = PBXGroup;
			children = (
				BC6C3A8126BB718700840001 /* wchallengeUITests.swift */,
				BC6C3A8326BB718700840001 /* Info.plist */,
			);
			path = wchallengeUITests;
			sourceTree = "<group>";
		};
/* End PBXGroup section */

/* Begin PBXNativeTarget section */
		BC6C3A5826BB718300840001 /* wchallenge */ = {
			isa = PBXNativeTarget;
			buildConfigurationList = BC6C3A8626BB718700840001 /* Build configuration list for PBXNativeTarget "wchallenge" */;
			buildPhases = (
				BC6C3A5526BB718300840001 /* Sources */,
				BC6C3A5626BB718300840001 /* Frameworks */,
				BC6C3A5726BB718300840001 /* Resources */,
			);
			buildRules = (
			);
			dependencies = (
			);
			name = wchallenge;
			productName = wchallenge;
			productReference = BC6C3A5926BB718300840001 /* wchallenge.app */;
			productType = "com.apple.product-type.application";
		};
		BC6C3A7126BB718700840001 /* wchallengeTests */ = {
			isa = PBXNativeTarget;
			buildConfigurationList = BC6C3A8926BB718700840001 /* Build configuration list for PBXNativeTarget "wchallengeTests" */;
			buildPhases = (
				BC6C3A6E26BB718700840001 /* Sources */,
				BC6C3A6F26BB718700840001 /* Frameworks */,
				BC6C3A7026BB718700840001 /* Resources */,
			);
			buildRules = (
			);
			dependencies = (
				BC6C3A7426BB718700840001 /* PBXTargetDependency */,
			);
			name = wchallengeTests;
			productName = wchallengeTests;
			productReference = BC6C3A7226BB718700840001 /* wchallengeTests.xctest */;
			productType = "com.apple.product-type.bundle.unit-test";
		};
		BC6C3A7C26BB718700840001 /* wchallengeUITests */ = {
			isa = PBXNativeTarget;
			buildConfigurationList = BC6C3A8C26BB718700840001 /* Build configuration list for PBXNativeTarget "wchallengeUITests" */;
			buildPhases = (
				BC6C3A7926BB718700840001 /* Sources */,
				BC6C3A7A26BB718700840001 /* Frameworks */,
				BC6C3A7B26BB718700840001 /* Resources */,
			);
			buildRules = (
			);
			dependencies = (
				BC6C3A7F26BB718700840001 /* PBXTargetDependency */,
			);
			name = wchallengeUITests;
			productName = wchallengeUITests;
			productReference = BC6C3A7D26BB718700840001 /* wchallengeUITests.xctest */;
			productType = "com.apple.product-type.bundle.ui-testing";
		};
/* End PBXNativeTarget section */

/* Begin PBXProject section */
		BC6C3A5126BB718300840001 /* Project object */ = {
			isa = PBXProject;
			attributes = {
				LastSwiftUpdateCheck = 1250;
				LastUpgradeCheck = 1250;
				TargetAttributes = {
					BC6C3A5826BB718300840001 = {
						CreatedOnToolsVersion = 12.5;
					};
					BC6C3A7126BB718700840001 = {
						CreatedOnToolsVersion = 12.5;
						TestTargetID = BC6C3A5826BB718300840001;
					};
					BC6C3A7C26BB718700840001 = {
						CreatedOnToolsVersion = 12.5;
						TestTargetID = BC6C3A5826BB718300840001;
					};
				};
			};
			buildConfigurationList = BC6C3A5426BB718300840001 /* Build configuration list for PBXProject "wchallenge" */;
			compatibilityVersion = "Xcode 9.3";
			developmentRegion = en;
			hasScannedForEncodings = 0;
			knownRegions = (
				en,
				Base,
			);
			mainGroup = BC6C3A5026BB718300840001;
			productRefGroup = BC6C3A5A26BB718300840001 /* Products */;
			projectDirPath = "";
			projectRoot = "";
			targets = (
				BC6C3A5826BB718300840001 /* wchallenge */,
				BC6C3A7126BB718700840001 /* wchallengeTests */,
				BC6C3A7C26BB718700840001 /* wchallengeUITests */,
			);
		};
/* End PBXProject section */

/* Begin PBXResourcesBuildPhase section */
		BC6C3A5726BB718300840001 /* Resources */ = {
			isa = PBXResourcesBuildPhase;
			buildActionMask = 2147483647;
			files = (
				BC6C3A6C26BB718600840001 /* LaunchScreen.storyboard in Resources */,
				BC6C3A6926BB718600840001 /* Assets.xcassets in Resources */,
				BC6C3A6426BB718300840001 /* Main.storyboard in Resources */,
			);
			runOnlyForDeploymentPostprocessing = 0;
		};
		BC6C3A7026BB718700840001 /* Resources */ = {
			isa = PBXResourcesBuildPhase;
			buildActionMask = 2147483647;
			files = (
			);
			runOnlyForDeploymentPostprocessing = 0;
		};
		BC6C3A7B26BB718700840001 /* Resources */ = {
			isa = PBXResourcesBuildPhase;
			buildActionMask = 2147483647;
			files = (
			);
			runOnlyForDeploymentPostprocessing = 0;
		};
/* End PBXResourcesBuildPhase section */

/* Begin PBXSourcesBuildPhase section */
		BC6C3A5526BB718300840001 /* Sources */ = {
			isa = PBXSourcesBuildPhase;
			buildActionMask = 2147483647;
			files = (
				BC6C3A6126BB718300840001 /* ViewController.swift in Sources */,
				BC6C3A6726BB718300840001 /* wchallenge.xcdatamodeld in Sources */,
				BC6C3A5D26BB718300840001 /* AppDelegate.swift in Sources */,
				BC6C3A5F26BB718300840001 /* SceneDelegate.swift in Sources */,
			);
			runOnlyForDeploymentPostprocessing = 0;
		};
		BC6C3A6E26BB718700840001 /* Sources */ = {
			isa = PBXSourcesBuildPhase;
			buildActionMask = 2147483647;
			files = (
				BC6C3A7726BB718700840001 /* wchallengeTests.swift in Sources */,
			);
			runOnlyForDeploymentPostprocessing = 0;
		};
		BC6C3A7926BB718700840001 /* Sources */ = {
			isa = PBXSourcesBuildPhase;
			buildActionMask = 2147483647;
			files = (
				BC6C3A8226BB718700840001 /* wchallengeUITests.swift in Sources */,
			);
			runOnlyForDeploymentPostprocessing = 0;
		};
/* End PBXSourcesBuildPhase section */

/* Begin PBXTargetDependency section */
		BC6C3A7426BB718700840001 /* PBXTargetDependency */ = {
			isa = PBXTargetDependency;
			target = BC6C3A5826BB718300840001 /* wchallenge */;
			targetProxy = BC6C3A7326BB718700840001 /* PBXContainerItemProxy */;
		};
		BC6C3A7F26BB718700840001 /* PBXTargetDependency */ = {
			isa = PBXTargetDependency;
			target = BC6C3A5826BB718300840001 /* wchallenge */;
			targetProxy = BC6C3A7E26BB718700840001 /* PBXContainerItemProxy */;
		};
/* End PBXTargetDependency section */

/* Begin PBXVariantGroup section */
		BC6C3A6226BB718300840001 /* Main.storyboard */ = {
			isa = PBXVariantGroup;
			children = (
				BC6C3A6326BB718300840001 /* Base */,
			);
			name = Main.storyboard;
			sourceTree = "<group>";
		};
		BC6C3A6A26BB718600840001 /* LaunchScreen.storyboard */ = {
			isa = PBXVariantGroup;
			children = (
				BC6C3A6B26BB718600840001 /* Base */,
			);
			name = LaunchScreen.storyboard;
			sourceTree = "<group>";
		};
/* End PBXVariantGroup section */

/* Begin XCBuildConfiguration section */
		BC6C3A8426BB718700840001 /* Debug */ = {
			isa = XCBuildConfiguration;
			buildSettings = {
				ALWAYS_SEARCH_USER_PATHS = NO;
				CLANG_ANALYZER_NONNULL = YES;
				CLANG_ANALYZER_NUMBER_OBJECT_CONVERSION = YES_AGGRESSIVE;
				CLANG_CXX_LANGUAGE_STANDARD = "gnu++14";
				CLANG_CXX_LIBRARY = "libc++";
				CLANG_ENABLE_MODULES = YES;
				CLANG_ENABLE_OBJC_ARC = YES;
				CLANG_ENABLE_OBJC_WEAK = YES;
				CLANG_WARN_BLOCK_CAPTURE_AUTORELEASING = YES;
				CLANG_WARN_BOOL_CONVERSION = YES;
				CLANG_WARN_COMMA = YES;
				CLANG_WARN_CONSTANT_CONVERSION = YES;
				CLANG_WARN_DEPRECATED_OBJC_IMPLEMENTATIONS = YES;
				CLANG_WARN_DIRECT_OBJC_ISA_USAGE = YES_ERROR;
				CLANG_WARN_DOCUMENTATION_COMMENTS = YES;
				CLANG_WARN_EMPTY_BODY = YES;
				CLANG_WARN_ENUM_CONVERSION = YES;
				CLANG_WARN_INFINITE_RECURSION = YES;
				CLANG_WARN_INT_CONVERSION = YES;
				CLANG_WARN_NON_LITERAL_NULL_CONVERSION = YES;
				CLANG_WARN_OBJC_IMPLICIT_RETAIN_SELF = YES;
				CLANG_WARN_OBJC_LITERAL_CONVERSION = YES;
				CLANG_WARN_OBJC_ROOT_CLASS = YES_ERROR;
				CLANG_WARN_QUOTED_INCLUDE_IN_FRAMEWORK_HEADER = YES;
				CLANG_WARN_RANGE_LOOP_ANALYSIS = YES;
				CLANG_WARN_STRICT_PROTOTYPES = YES;
				CLANG_WARN_SUSPICIOUS_MOVE = YES;
				CLANG_WARN_UNGUARDED_AVAILABILITY = YES_AGGRESSIVE;
				CLANG_WARN_UNREACHABLE_CODE = YES;
				CLANG_WARN__DUPLICATE_METHOD_MATCH = YES;
				COPY_PHASE_STRIP = NO;
				DEBUG_INFORMATION_FORMAT = dwarf;
				ENABLE_STRICT_OBJC_MSGSEND = YES;
				ENABLE_TESTABILITY = YES;
				GCC_C_LANGUAGE_STANDARD = gnu11;
				GCC_DYNAMIC_NO_PIC = NO;
				GCC_NO_COMMON_BLOCKS = YES;
				GCC_OPTIMIZATION_LEVEL = 0;
				GCC_PREPROCESSOR_DEFINITIONS = (
					"DEBUG=1",
					"$(inherited)",
				);
				GCC_WARN_64_TO_32_BIT_CONVERSION = YES;
				GCC_WARN_ABOUT_RETURN_TYPE = YES_ERROR;
				GCC_WARN_UNDECLARED_SELECTOR = YES;
				GCC_WARN_UNINITIALIZED_AUTOS = YES_AGGRESSIVE;
				GCC_WARN_UNUSED_FUNCTION = YES;
				GCC_WARN_UNUSED_VARIABLE = YES;
				IPHONEOS_DEPLOYMENT_TARGET = 14.5;
				MTL_ENABLE_DEBUG_INFO = INCLUDE_SOURCE;
				MTL_FAST_MATH = YES;
				ONLY_ACTIVE_ARCH = YES;
				SDKROOT = iphoneos;
				SWIFT_ACTIVE_COMPILATION_CONDITIONS = DEBUG;
				SWIFT_OPTIMIZATION_LEVEL = "-Onone";
			};
			name = Debug;
		};
		BC6C3A8526BB718700840001 /* Release */ = {
			isa = XCBuildConfiguration;
			buildSettings = {
				ALWAYS_SEARCH_USER_PATHS = NO;
				CLANG_ANALYZER_NONNULL = YES;
				CLANG_ANALYZER_NUMBER_OBJECT_CONVERSION = YES_AGGRESSIVE;
				CLANG_CXX_LANGUAGE_STANDARD = "gnu++14";
				CLANG_CXX_LIBRARY = "libc++";
				CLANG_ENABLE_MODULES = YES;
				CLANG_ENABLE_OBJC_ARC = YES;
				CLANG_ENABLE_OBJC_WEAK = YES;
				CLANG_WARN_BLOCK_CAPTURE_AUTORELEASING = YES;
				CLANG_WARN_BOOL_CONVERSION = YES;
				CLANG_WARN_COMMA = YES;
				CLANG_WARN_CONSTANT_CONVERSION = YES;
				CLANG_WARN_DEPRECATED_OBJC_IMPLEMENTATIONS = YES;
				CLANG_WARN_DIRECT_OBJC_ISA_USAGE = YES_ERROR;
				CLANG_WARN_DOCUMENTATION_COMMENTS = YES;
				CLANG_WARN_EMPTY_BODY = YES;
				CLANG_WARN_ENUM_CONVERSION = YES;
				CLANG_WARN_INFINITE_RECURSION = YES;
				CLANG_WARN_INT_CONVERSION = YES;
				CLANG_WARN_NON_LITERAL_NULL_CONVERSION = YES;
				CLANG_WARN_OBJC_IMPLICIT_RETAIN_SELF = YES;
				CLANG_WARN_OBJC_LITERAL_CONVERSION = YES;
				CLANG_WARN_OBJC_ROOT_CLASS = YES_ERROR;
				CLANG_WARN_QUOTED_INCLUDE_IN_FRAMEWORK_HEADER = YES;
				CLANG_WARN_RANGE_LOOP_ANALYSIS = YES;
				CLANG_WARN_STRICT_PROTOTYPES = YES;
				CLANG_WARN_SUSPICIOUS_MOVE = YES;
				CLANG_WARN_UNGUARDED_AVAILABILITY = YES_AGGRESSIVE;
				CLANG_WARN_UNREACHABLE_CODE = YES;
				CLANG_WARN__DUPLICATE_METHOD_MATCH = YES;
				COPY_PHASE_STRIP = NO;
				DEBUG_INFORMATION_FORMAT = "dwarf-with-dsym";
				ENABLE_NS_ASSERTIONS = NO;
				ENABLE_STRICT_OBJC_MSGSEND = YES;
				GCC_C_LANGUAGE_STANDARD = gnu11;
				GCC_NO_COMMON_BLOCKS = YES;
				GCC_WARN_64_TO_32_BIT_CONVERSION = YES;
				GCC_WARN_ABOUT_RETURN_TYPE = YES_ERROR;
				GCC_WARN_UNDECLARED_SELECTOR = YES;
				GCC_WARN_UNINITIALIZED_AUTOS = YES_AGGRESSIVE;
				GCC_WARN_UNUSED_FUNCTION = YES;
				GCC_WARN_UNUSED_VARIABLE = YES;
				IPHONEOS_DEPLOYMENT_TARGET = 14.5;
				MTL_ENABLE_DEBUG_INFO = NO;
				MTL_FAST_MATH = YES;
				SDKROOT = iphoneos;
				SWIFT_COMPILATION_MODE = wholemodule;
				SWIFT_OPTIMIZATION_LEVEL = "-O";
				VALIDATE_PRODUCT = YES;
			};
			name = Release;
		};
		BC6C3A8726BB718700840001 /* Debug */ = {
			isa = XCBuildConfiguration;
			buildSettings = {
				ASSETCATALOG_COMPILER_APPICON_NAME = AppIcon;
				ASSETCATALOG_COMPILER_GLOBAL_ACCENT_COLOR_NAME = AccentColor;
				CODE_SIGN_STYLE = Automatic;
				DEVELOPMENT_TEAM = 75FTNVFG8C;
				INFOPLIST_FILE = wchallenge/Info.plist;
				LD_RUNPATH_SEARCH_PATHS = (
					"$(inherited)",
					"@executable_path/Frameworks",
				);
				PRODUCT_BUNDLE_IDENTIFIER = com.diego.wchallenge;
				PRODUCT_NAME = "$(TARGET_NAME)";
				SWIFT_VERSION = 5.0;
				TARGETED_DEVICE_FAMILY = "1,2";
			};
			name = Debug;
		};
		BC6C3A8826BB718700840001 /* Release */ = {
			isa = XCBuildConfiguration;
			buildSettings = {
				ASSETCATALOG_COMPILER_APPICON_NAME = AppIcon;
				ASSETCATALOG_COMPILER_GLOBAL_ACCENT_COLOR_NAME = AccentColor;
				CODE_SIGN_STYLE = Automatic;
				DEVELOPMENT_TEAM = 75FTNVFG8C;
				INFOPLIST_FILE = wchallenge/Info.plist;
				LD_RUNPATH_SEARCH_PATHS = (
					"$(inherited)",
					"@executable_path/Frameworks",
				);
				PRODUCT_BUNDLE_IDENTIFIER = com.diego.wchallenge;
				PRODUCT_NAME = "$(TARGET_NAME)";
				SWIFT_VERSION = 5.0;
				TARGETED_DEVICE_FAMILY = "1,2";
			};
			name = Release;
		};
		BC6C3A8A26BB718700840001 /* Debug */ = {
			isa = XCBuildConfiguration;
			buildSettings = {
				ALWAYS_EMBED_SWIFT_STANDARD_LIBRARIES = YES;
				BUNDLE_LOADER = "$(TEST_HOST)";
				CODE_SIGN_STYLE = Automatic;
				DEVELOPMENT_TEAM = 75FTNVFG8C;
				INFOPLIST_FILE = wchallengeTests/Info.plist;
				IPHONEOS_DEPLOYMENT_TARGET = 14.5;
				LD_RUNPATH_SEARCH_PATHS = (
					"$(inherited)",
					"@executable_path/Frameworks",
					"@loader_path/Frameworks",
				);
				PRODUCT_BUNDLE_IDENTIFIER = com.diego.wchallengeTests;
				PRODUCT_NAME = "$(TARGET_NAME)";
				SWIFT_VERSION = 5.0;
				TARGETED_DEVICE_FAMILY = "1,2";
				TEST_HOST = "$(BUILT_PRODUCTS_DIR)/wchallenge.app/wchallenge";
			};
			name = Debug;
		};
		BC6C3A8B26BB718700840001 /* Release */ = {
			isa = XCBuildConfiguration;
			buildSettings = {
				ALWAYS_EMBED_SWIFT_STANDARD_LIBRARIES = YES;
				BUNDLE_LOADER = "$(TEST_HOST)";
				CODE_SIGN_STYLE = Automatic;
				DEVELOPMENT_TEAM = 75FTNVFG8C;
				INFOPLIST_FILE = wchallengeTests/Info.plist;
				IPHONEOS_DEPLOYMENT_TARGET = 14.5;
				LD_RUNPATH_SEARCH_PATHS = (
					"$(inherited)",
					"@executable_path/Frameworks",
					"@loader_path/Frameworks",
				);
				PRODUCT_BUNDLE_IDENTIFIER = com.diego.wchallengeTests;
				PRODUCT_NAME = "$(TARGET_NAME)";
				SWIFT_VERSION = 5.0;
				TARGETED_DEVICE_FAMILY = "1,2";
				TEST_HOST = "$(BUILT_PRODUCTS_DIR)/wchallenge.app/wchallenge";
			};
			name = Release;
		};
		BC6C3A8D26BB718700840001 /* Debug */ = {
			isa = XCBuildConfiguration;
			buildSettings = {
				ALWAYS_EMBED_SWIFT_STANDARD_LIBRARIES = YES;
				CODE_SIGN_STYLE = Automatic;
				DEVELOPMENT_TEAM = 75FTNVFG8C;
				INFOPLIST_FILE = wchallengeUITests/Info.plist;
				LD_RUNPATH_SEARCH_PATHS = (
					"$(inherited)",
					"@executable_path/Frameworks",
					"@loader_path/Frameworks",
				);
				PRODUCT_BUNDLE_IDENTIFIER = com.diego.wchallengeUITests;
				PRODUCT_NAME = "$(TARGET_NAME)";
				SWIFT_VERSION = 5.0;
				TARGETED_DEVICE_FAMILY = "1,2";
				TEST_TARGET_NAME = wchallenge;
			};
			name = Debug;
		};
		BC6C3A8E26BB718700840001 /* Release */ = {
			isa = XCBuildConfiguration;
			buildSettings = {
				ALWAYS_EMBED_SWIFT_STANDARD_LIBRARIES = YES;
				CODE_SIGN_STYLE = Automatic;
				DEVELOPMENT_TEAM = 75FTNVFG8C;
				INFOPLIST_FILE = wchallengeUITests/Info.plist;
				LD_RUNPATH_SEARCH_PATHS = (
					"$(inherited)",
					"@executable_path/Frameworks",
					"@loader_path/Frameworks",
				);
				PRODUCT_BUNDLE_IDENTIFIER = com.diego.wchallengeUITests;
				PRODUCT_NAME = "$(TARGET_NAME)";
				SWIFT_VERSION = 5.0;
				TARGETED_DEVICE_FAMILY = "1,2";
				TEST_TARGET_NAME = wchallenge;
			};
			name = Release;
		};
/* End XCBuildConfiguration section */

/* Begin XCConfigurationList section */
		BC6C3A5426BB718300840001 /* Build configuration list for PBXProject "wchallenge" */ = {
			isa = XCConfigurationList;
			buildConfigurations = (
				BC6C3A8426BB718700840001 /* Debug */,
				BC6C3A8526BB718700840001 /* Release */,
			);
			defaultConfigurationIsVisible = 0;
			defaultConfigurationName = Release;
		};
		BC6C3A8626BB718700840001 /* Build configuration list for PBXNativeTarget "wchallenge" */ = {
			isa = XCConfigurationList;
			buildConfigurations = (
				BC6C3A8726BB718700840001 /* Debug */,
				BC6C3A8826BB718700840001 /* Release */,
			);
			defaultConfigurationIsVisible = 0;
			defaultConfigurationName = Release;
		};
		BC6C3A8926BB718700840001 /* Build configuration list for PBXNativeTarget "wchallengeTests" */ = {
			isa = XCConfigurationList;
			buildConfigurations = (
				BC6C3A8A26BB718700840001 /* Debug */,
				BC6C3A8B26BB718700840001 /* Release */,
			);
			defaultConfigurationIsVisible = 0;
			defaultConfigurationName = Release;
		};
		BC6C3A8C26BB718700840001 /* Build configuration list for PBXNativeTarget "wchallengeUITests" */ = {
			isa = XCConfigurationList;
			buildConfigurations = (
				BC6C3A8D26BB718700840001 /* Debug */,
				BC6C3A8E26BB718700840001 /* Release */,
			);
			defaultConfigurationIsVisible = 0;
			defaultConfigurationName = Release;
		};
/* End XCConfigurationList section */

/* Begin XCVersionGroup section */
		BC6C3A6526BB718300840001 /* wchallenge.xcdatamodeld */ = {
			isa = XCVersionGroup;
			children = (
				BC6C3A6626BB718300840001 /* wchallenge.xcdatamodel */,
			);
			currentVersion = BC6C3A6626BB718300840001 /* wchallenge.xcdatamodel */;
			path = wchallenge.xcdatamodeld;
			sourceTree = "<group>";
			versionGroupType = wrapper.xcdatamodel;
		};
/* End XCVersionGroup section */
	};
	rootObject = BC6C3A5126BB718300840001 /* Project object */;
}
