// !$*UTF8*$!
{
	archiveVersion = 1;
	classes = {
	};
	objectVersion = 52;
	objects = {

/* Begin PBXBuildFile section */
		BC486E5B26C391E80010EB0F /* Util.swift in Sources */ = {isa = PBXBuildFile; fileRef = BC486E5A26C391E80010EB0F /* Util.swift */; };
		BC486E6226C3981D0010EB0F /* Home.storyboard in Resources */ = {isa = PBXBuildFile; fileRef = BC486E6126C3981D0010EB0F /* Home.storyboard */; };
		BC486E6426C398330010EB0F /* HomeViewController.swift in Sources */ = {isa = PBXBuildFile; fileRef = BC486E6326C398330010EB0F /* HomeViewController.swift */; };
		BC489FE326C229F00094F140 /* Quicksand-Bold.ttf in Resources */ = {isa = PBXBuildFile; fileRef = BC489FDE26C229F00094F140 /* Quicksand-Bold.ttf */; };
		BC489FE426C229F00094F140 /* Quicksand-Light.ttf in Resources */ = {isa = PBXBuildFile; fileRef = BC489FDF26C229F00094F140 /* Quicksand-Light.ttf */; };
		BC489FE526C229F00094F140 /* Quicksand-Medium.ttf in Resources */ = {isa = PBXBuildFile; fileRef = BC489FE026C229F00094F140 /* Quicksand-Medium.ttf */; };
		BC489FE626C229F00094F140 /* Quicksand-Regular.ttf in Resources */ = {isa = PBXBuildFile; fileRef = BC489FE126C229F00094F140 /* Quicksand-Regular.ttf */; };
		BC489FE726C229F00094F140 /* Quicksand-SemiBold.ttf in Resources */ = {isa = PBXBuildFile; fileRef = BC489FE226C229F00094F140 /* Quicksand-SemiBold.ttf */; };
		BC489FEB26C22C700094F140 /* UIComponents.swift in Sources */ = {isa = PBXBuildFile; fileRef = BC489FEA26C22C700094F140 /* UIComponents.swift */; };
		BC489FED26C231750094F140 /* LoginViewController.swift in Sources */ = {isa = PBXBuildFile; fileRef = BC489FEC26C231750094F140 /* LoginViewController.swift */; };
		BC489FF326C23CC10094F140 /* IQKeyboardManagerSwift in Frameworks */ = {isa = PBXBuildFile; productRef = BC489FF226C23CC10094F140 /* IQKeyboardManagerSwift */; };
		BC489FF626C23D0C0094F140 /* Kingfisher in Frameworks */ = {isa = PBXBuildFile; productRef = BC489FF526C23D0C0094F140 /* Kingfisher */; };
		BC6C3A5D26BB718300840001 /* AppDelegate.swift in Sources */ = {isa = PBXBuildFile; fileRef = BC6C3A5C26BB718300840001 /* AppDelegate.swift */; };
		BC6C3A5F26BB718300840001 /* SceneDelegate.swift in Sources */ = {isa = PBXBuildFile; fileRef = BC6C3A5E26BB718300840001 /* SceneDelegate.swift */; };
		BC6C3A6426BB718300840001 /* Main.storyboard in Resources */ = {isa = PBXBuildFile; fileRef = BC6C3A6226BB718300840001 /* Main.storyboard */; };
		BC6C3A6726BB718300840001 /* wchallenge.xcdatamodeld in Sources */ = {isa = PBXBuildFile; fileRef = BC6C3A6526BB718300840001 /* wchallenge.xcdatamodeld */; };
		BC6C3A6926BB718600840001 /* Assets.xcassets in Resources */ = {isa = PBXBuildFile; fileRef = BC6C3A6826BB718600840001 /* Assets.xcassets */; };
		BC6C3A6C26BB718600840001 /* LaunchScreen.storyboard in Resources */ = {isa = PBXBuildFile; fileRef = BC6C3A6A26BB718600840001 /* LaunchScreen.storyboard */; };
		BC6C3A7726BB718700840001 /* wchallengeTests.swift in Sources */ = {isa = PBXBuildFile; fileRef = BC6C3A7626BB718700840001 /* wchallengeTests.swift */; };
		BC6C3A8226BB718700840001 /* wchallengeUITests.swift in Sources */ = {isa = PBXBuildFile; fileRef = BC6C3A8126BB718700840001 /* wchallengeUITests.swift */; };
		BC6C3A9226BB744000840001 /* Network.swift in Sources */ = {isa = PBXBuildFile; fileRef = BC6C3A9126BB744000840001 /* Network.swift */; };
		BC6C3A9826BB74D900840001 /* LogInService.swift in Sources */ = {isa = PBXBuildFile; fileRef = BC6C3A9726BB74D900840001 /* LogInService.swift */; };
		BC6C3A9A26BB767A00840001 /* LogInModel.swift in Sources */ = {isa = PBXBuildFile; fileRef = BC6C3A9926BB767A00840001 /* LogInModel.swift */; };
		BCFB215B26C24663007FCDC8 /* LogInViewModel.swift in Sources */ = {isa = PBXBuildFile; fileRef = BCFB215A26C24663007FCDC8 /* LogInViewModel.swift */; };
/* End PBXBuildFile section */

/* Begin PBXContainerItemProxy section */
		BC489FFD26C2409B0094F140 /* PBXContainerItemProxy */ = {
			isa = PBXContainerItemProxy;
			containerPortal = BC6C3A5126BB718300840001 /* Project object */;
			proxyType = 1;
			remoteGlobalIDString = BC6C3A5826BB718300840001;
			remoteInfo = wchallenge;
		};
		BC6C3A7E26BB718700840001 /* PBXContainerItemProxy */ = {
			isa = PBXContainerItemProxy;
			containerPortal = BC6C3A5126BB718300840001 /* Project object */;
			proxyType = 1;
			remoteGlobalIDString = BC6C3A5826BB718300840001;
			remoteInfo = wchallenge;
		};
/* End PBXContainerItemProxy section */

/* Begin PBXFileReference section */
		BC486E5A26C391E80010EB0F /* Util.swift */ = {isa = PBXFileReference; lastKnownFileType = sourcecode.swift; path = Util.swift; sourceTree = "<group>"; };
		BC486E6126C3981D0010EB0F /* Home.storyboard */ = {isa = PBXFileReference; lastKnownFileType = file.storyboard; path = Home.storyboard; sourceTree = "<group>"; };
		BC486E6326C398330010EB0F /* HomeViewController.swift */ = {isa = PBXFileReference; lastKnownFileType = sourcecode.swift; path = HomeViewController.swift; sourceTree = "<group>"; };
		BC489FDE26C229F00094F140 /* Quicksand-Bold.ttf */ = {isa = PBXFileReference; lastKnownFileType = file; path = "Quicksand-Bold.ttf"; sourceTree = "<group>"; };
		BC489FDF26C229F00094F140 /* Quicksand-Light.ttf */ = {isa = PBXFileReference; lastKnownFileType = file; path = "Quicksand-Light.ttf"; sourceTree = "<group>"; };
		BC489FE026C229F00094F140 /* Quicksand-Medium.ttf */ = {isa = PBXFileReference; lastKnownFileType = file; path = "Quicksand-Medium.ttf"; sourceTree = "<group>"; };
		BC489FE126C229F00094F140 /* Quicksand-Regular.ttf */ = {isa = PBXFileReference; lastKnownFileType = file; path = "Quicksand-Regular.ttf"; sourceTree = "<group>"; };
		BC489FE226C229F00094F140 /* Quicksand-SemiBold.ttf */ = {isa = PBXFileReference; lastKnownFileType = file; path = "Quicksand-SemiBold.ttf"; sourceTree = "<group>"; };
		BC489FEA26C22C700094F140 /* UIComponents.swift */ = {isa = PBXFileReference; lastKnownFileType = sourcecode.swift; path = UIComponents.swift; sourceTree = "<group>"; };
		BC489FEC26C231750094F140 /* LoginViewController.swift */ = {isa = PBXFileReference; lastKnownFileType = sourcecode.swift; path = LoginViewController.swift; sourceTree = "<group>"; };
		BC6C3A5926BB718300840001 /* wchallenge.app */ = {isa = PBXFileReference; explicitFileType = wrapper.application; includeInIndex = 0; path = wchallenge.app; sourceTree = BUILT_PRODUCTS_DIR; };
		BC6C3A5C26BB718300840001 /* AppDelegate.swift */ = {isa = PBXFileReference; lastKnownFileType = sourcecode.swift; path = AppDelegate.swift; sourceTree = "<group>"; };
		BC6C3A5E26BB718300840001 /* SceneDelegate.swift */ = {isa = PBXFileReference; lastKnownFileType = sourcecode.swift; path = SceneDelegate.swift; sourceTree = "<group>"; };
		BC6C3A6326BB718300840001 /* Base */ = {isa = PBXFileReference; lastKnownFileType = file.storyboard; name = Base; path = Base.lproj/Main.storyboard; sourceTree = "<group>"; };
		BC6C3A6626BB718300840001 /* wchallenge.xcdatamodel */ = {isa = PBXFileReference; lastKnownFileType = wrapper.xcdatamodel; path = wchallenge.xcdatamodel; sourceTree = "<group>"; };
		BC6C3A6826BB718600840001 /* Assets.xcassets */ = {isa = PBXFileReference; lastKnownFileType = folder.assetcatalog; path = Assets.xcassets; sourceTree = "<group>"; };
		BC6C3A6B26BB718600840001 /* Base */ = {isa = PBXFileReference; lastKnownFileType = file.storyboard; name = Base; path = Base.lproj/LaunchScreen.storyboard; sourceTree = "<group>"; };
		BC6C3A6D26BB718600840001 /* Info.plist */ = {isa = PBXFileReference; lastKnownFileType = text.plist.xml; path = Info.plist; sourceTree = "<group>"; };
		BC6C3A7226BB718700840001 /* wchallengeTests.xctest */ = {isa = PBXFileReference; explicitFileType = wrapper.cfbundle; includeInIndex = 0; path = wchallengeTests.xctest; sourceTree = BUILT_PRODUCTS_DIR; };
		BC6C3A7626BB718700840001 /* wchallengeTests.swift */ = {isa = PBXFileReference; lastKnownFileType = sourcecode.swift; path = wchallengeTests.swift; sourceTree = "<group>"; };
		BC6C3A7826BB718700840001 /* Info.plist */ = {isa = PBXFileReference; lastKnownFileType = text.plist.xml; path = Info.plist; sourceTree = "<group>"; };
		BC6C3A7D26BB718700840001 /* wchallengeUITests.xctest */ = {isa = PBXFileReference; explicitFileType = wrapper.cfbundle; includeInIndex = 0; path = wchallengeUITests.xctest; sourceTree = BUILT_PRODUCTS_DIR; };
		BC6C3A8126BB718700840001 /* wchallengeUITests.swift */ = {isa = PBXFileReference; lastKnownFileType = sourcecode.swift; path = wchallengeUITests.swift; sourceTree = "<group>"; };
		BC6C3A8326BB718700840001 /* Info.plist */ = {isa = PBXFileReference; lastKnownFileType = text.plist.xml; path = Info.plist; sourceTree = "<group>"; };
		BC6C3A9126BB744000840001 /* Network.swift */ = {isa = PBXFileReference; lastKnownFileType = sourcecode.swift; path = Network.swift; sourceTree = "<group>"; };
		BC6C3A9726BB74D900840001 /* LogInService.swift */ = {isa = PBXFileReference; lastKnownFileType = sourcecode.swift; path = LogInService.swift; sourceTree = "<group>"; };
		BC6C3A9926BB767A00840001 /* LogInModel.swift */ = {isa = PBXFileReference; lastKnownFileType = sourcecode.swift; path = LogInModel.swift; sourceTree = "<group>"; };
		BCFB215A26C24663007FCDC8 /* LogInViewModel.swift */ = {isa = PBXFileReference; lastKnownFileType = sourcecode.swift; path = LogInViewModel.swift; sourceTree = "<group>"; };
/* End PBXFileReference section */

/* Begin PBXFrameworksBuildPhase section */
		BC6C3A5626BB718300840001 /* Frameworks */ = {
			isa = PBXFrameworksBuildPhase;
			buildActionMask = 2147483647;
			files = (
				BC489FF626C23D0C0094F140 /* Kingfisher in Frameworks */,
				BC489FF326C23CC10094F140 /* IQKeyboardManagerSwift in Frameworks */,
			);
			runOnlyForDeploymentPostprocessing = 0;
		};
		BC6C3A6F26BB718700840001 /* Frameworks */ = {
			isa = PBXFrameworksBuildPhase;
			buildActionMask = 2147483647;
			files = (
			);
			runOnlyForDeploymentPostprocessing = 0;
		};
		BC6C3A7A26BB718700840001 /* Frameworks */ = {
			isa = PBXFrameworksBuildPhase;
			buildActionMask = 2147483647;
			files = (
			);
			runOnlyForDeploymentPostprocessing = 0;
		};
/* End PBXFrameworksBuildPhase section */

/* Begin PBXGroup section */
		BC486E5C26C397E60010EB0F /* Home */ = {
			isa = PBXGroup;
			children = (
				BC486E6026C398050010EB0F /* Service */,
				BC486E5F26C397FF0010EB0F /* ViewModel */,
				BC486E5E26C397FA0010EB0F /* Model */,
				BC486E5D26C397F50010EB0F /* UI */,
			);
			path = Home;
			sourceTree = "<group>";
		};
		BC486E5D26C397F50010EB0F /* UI */ = {
			isa = PBXGroup;
			children = (
				BC486E6126C3981D0010EB0F /* Home.storyboard */,
				BC486E6326C398330010EB0F /* HomeViewController.swift */,
			);
			path = UI;
			sourceTree = "<group>";
		};
		BC486E5E26C397FA0010EB0F /* Model */ = {
			isa = PBXGroup;
			children = (
			);
			path = Model;
			sourceTree = "<group>";
		};
		BC486E5F26C397FF0010EB0F /* ViewModel */ = {
			isa = PBXGroup;
			children = (
			);
			path = ViewModel;
			sourceTree = "<group>";
		};
		BC486E6026C398050010EB0F /* Service */ = {
			isa = PBXGroup;
			children = (
			);
			path = Service;
			sourceTree = "<group>";
		};
		BC489FDC26C229F00094F140 /* Resources */ = {
			isa = PBXGroup;
			children = (
				BC489FDD26C229F00094F140 /* Fonts */,
			);
			path = Resources;
			sourceTree = "<group>";
		};
		BC489FDD26C229F00094F140 /* Fonts */ = {
			isa = PBXGroup;
			children = (
				BC489FDE26C229F00094F140 /* Quicksand-Bold.ttf */,
				BC489FDF26C229F00094F140 /* Quicksand-Light.ttf */,
				BC489FE026C229F00094F140 /* Quicksand-Medium.ttf */,
				BC489FE126C229F00094F140 /* Quicksand-Regular.ttf */,
				BC489FE226C229F00094F140 /* Quicksand-SemiBold.ttf */,
			);
			path = Fonts;
			sourceTree = "<group>";
		};
		BC489FE926C22C5D0094F140 /* UI */ = {
			isa = PBXGroup;
			children = (
				BC489FEA26C22C700094F140 /* UIComponents.swift */,
			);
			path = UI;
			sourceTree = "<group>";
		};
		BC6C3A5026BB718300840001 = {
			isa = PBXGroup;
			children = (
				BC6C3A5B26BB718300840001 /* wchallenge */,
				BC6C3A7526BB718700840001 /* wchallengeTests */,
				BC6C3A8026BB718700840001 /* wchallengeUITests */,
				BC6C3A5A26BB718300840001 /* Products */,
			);
			sourceTree = "<group>";
		};
		BC6C3A5A26BB718300840001 /* Products */ = {
			isa = PBXGroup;
			children = (
				BC6C3A5926BB718300840001 /* wchallenge.app */,
				BC6C3A7226BB718700840001 /* wchallengeTests.xctest */,
				BC6C3A7D26BB718700840001 /* wchallengeUITests.xctest */,
			);
			name = Products;
			sourceTree = "<group>";
		};
		BC6C3A5B26BB718300840001 /* wchallenge */ = {
			isa = PBXGroup;
			children = (
				BC489FE926C22C5D0094F140 /* UI */,
				BC489FDC26C229F00094F140 /* Resources */,
				BC6C3A9026BB742600840001 /* Network */,
				BC6C3A8F26BB73A900840001 /* LogIn */,
				BC486E5C26C397E60010EB0F /* Home */,
				BC6C3A5C26BB718300840001 /* AppDelegate.swift */,
				BC6C3A5E26BB718300840001 /* SceneDelegate.swift */,
				BC6C3A6226BB718300840001 /* Main.storyboard */,
				BC6C3A6826BB718600840001 /* Assets.xcassets */,
				BC6C3A6A26BB718600840001 /* LaunchScreen.storyboard */,
				BC6C3A6D26BB718600840001 /* Info.plist */,
				BC6C3A6526BB718300840001 /* wchallenge.xcdatamodeld */,
				BC486E5A26C391E80010EB0F /* Util.swift */,
			);
			path = wchallenge;
			sourceTree = "<group>";
		};
		BC6C3A7526BB718700840001 /* wchallengeTests */ = {
			isa = PBXGroup;
			children = (
				BC6C3A7626BB718700840001 /* wchallengeTests.swift */,
				BC6C3A7826BB718700840001 /* Info.plist */,
			);
			path = wchallengeTests;
			sourceTree = "<group>";
		};
		BC6C3A8026BB718700840001 /* wchallengeUITests */ = {
			isa = PBXGroup;
			children = (
				BC6C3A8126BB718700840001 /* wchallengeUITests.swift */,
				BC6C3A8326BB718700840001 /* Info.plist */,
			);
			path = wchallengeUITests;
			sourceTree = "<group>";
		};
		BC6C3A8F26BB73A900840001 /* LogIn */ = {
			isa = PBXGroup;
			children = (
				BC6C3A9626BB74BA00840001 /* Service */,
				BC6C3A9526BB74B300840001 /* ViewModel */,
				BC6C3A9426BB74AC00840001 /* Model */,
				BC6C3A9326BB74A700840001 /* UI */,
			);
			path = LogIn;
			sourceTree = "<group>";
		};
		BC6C3A9026BB742600840001 /* Network */ = {
			isa = PBXGroup;
			children = (
				BC6C3A9126BB744000840001 /* Network.swift */,
			);
			path = Network;
			sourceTree = "<group>";
		};
		BC6C3A9326BB74A700840001 /* UI */ = {
			isa = PBXGroup;
			children = (
				BC489FEC26C231750094F140 /* LoginViewController.swift */,
			);
			path = UI;
			sourceTree = "<group>";
		};
		BC6C3A9426BB74AC00840001 /* Model */ = {
			isa = PBXGroup;
			children = (
				BC6C3A9926BB767A00840001 /* LogInModel.swift */,
			);
			path = Model;
			sourceTree = "<group>";
		};
		BC6C3A9526BB74B300840001 /* ViewModel */ = {
			isa = PBXGroup;
			children = (
				BCFB215A26C24663007FCDC8 /* LogInViewModel.swift */,
			);
			path = ViewModel;
			sourceTree = "<group>";
		};
		BC6C3A9626BB74BA00840001 /* Service */ = {
			isa = PBXGroup;
			children = (
				BC6C3A9726BB74D900840001 /* LogInService.swift */,
			);
			path = Service;
			sourceTree = "<group>";
		};
/* End PBXGroup section */

/* Begin PBXNativeTarget section */
		BC6C3A5826BB718300840001 /* wchallenge */ = {
			isa = PBXNativeTarget;
			buildConfigurationList = BC6C3A8626BB718700840001 /* Build configuration list for PBXNativeTarget "wchallenge" */;
			buildPhases = (
				BC6C3A5526BB718300840001 /* Sources */,
				BC6C3A5626BB718300840001 /* Frameworks */,
				BC6C3A5726BB718300840001 /* Resources */,
			);
			buildRules = (
			);
			dependencies = (
			);
			name = wchallenge;
			packageProductDependencies = (
				BC489FF226C23CC10094F140 /* IQKeyboardManagerSwift */,
				BC489FF526C23D0C0094F140 /* Kingfisher */,
			);
			productName = wchallenge;
			productReference = BC6C3A5926BB718300840001 /* wchallenge.app */;
			productType = "com.apple.product-type.application";
		};
		BC6C3A7126BB718700840001 /* wchallengeTests */ = {
			isa = PBXNativeTarget;
			buildConfigurationList = BC6C3A8926BB718700840001 /* Build configuration list for PBXNativeTarget "wchallengeTests" */;
			buildPhases = (
				BC6C3A6E26BB718700840001 /* Sources */,
				BC6C3A6F26BB718700840001 /* Frameworks */,
				BC6C3A7026BB718700840001 /* Resources */,
			);
			buildRules = (
			);
			dependencies = (
				BC489FFE26C2409B0094F140 /* PBXTargetDependency */,
			);
			name = wchallengeTests;
			productName = wchallengeTests;
			productReference = BC6C3A7226BB718700840001 /* wchallengeTests.xctest */;
			productType = "com.apple.product-type.bundle.unit-test";
		};
		BC6C3A7C26BB718700840001 /* wchallengeUITests */ = {
			isa = PBXNativeTarget;
			buildConfigurationList = BC6C3A8C26BB718700840001 /* Build configuration list for PBXNativeTarget "wchallengeUITests" */;
			buildPhases = (
				BC6C3A7926BB718700840001 /* Sources */,
				BC6C3A7A26BB718700840001 /* Frameworks */,
				BC6C3A7B26BB718700840001 /* Resources */,
			);
			buildRules = (
			);
			dependencies = (
				BC6C3A7F26BB718700840001 /* PBXTargetDependency */,
			);
			name = wchallengeUITests;
			productName = wchallengeUITests;
			productReference = BC6C3A7D26BB718700840001 /* wchallengeUITests.xctest */;
			productType = "com.apple.product-type.bundle.ui-testing";
		};
/* End PBXNativeTarget section */

/* Begin PBXProject section */
		BC6C3A5126BB718300840001 /* Project object */ = {
			isa = PBXProject;
			attributes = {
				LastSwiftUpdateCheck = 1250;
				LastUpgradeCheck = 1250;
				TargetAttributes = {
					BC6C3A5826BB718300840001 = {
						CreatedOnToolsVersion = 12.5;
					};
					BC6C3A7126BB718700840001 = {
						CreatedOnToolsVersion = 12.5;
						TestTargetID = BC6C3A5826BB718300840001;
					};
					BC6C3A7C26BB718700840001 = {
						CreatedOnToolsVersion = 12.5;
						TestTargetID = BC6C3A5826BB718300840001;
					};
				};
			};
			buildConfigurationList = BC6C3A5426BB718300840001 /* Build configuration list for PBXProject "wchallenge" */;
			compatibilityVersion = "Xcode 9.3";
			developmentRegion = en;
			hasScannedForEncodings = 0;
			knownRegions = (
				en,
				Base,
			);
			mainGroup = BC6C3A5026BB718300840001;
			packageReferences = (
				BC489FF126C23CC10094F140 /* XCRemoteSwiftPackageReference "IQKeyboardManager" */,
				BC489FF426C23D0C0094F140 /* XCRemoteSwiftPackageReference "Kingfisher" */,
			);
			productRefGroup = BC6C3A5A26BB718300840001 /* Products */;
			projectDirPath = "";
			projectRoot = "";
			targets = (
				BC6C3A5826BB718300840001 /* wchallenge */,
				BC6C3A7126BB718700840001 /* wchallengeTests */,
				BC6C3A7C26BB718700840001 /* wchallengeUITests */,
			);
		};
/* End PBXProject section */

/* Begin PBXResourcesBuildPhase section */
		BC6C3A5726BB718300840001 /* Resources */ = {
			isa = PBXResourcesBuildPhase;
			buildActionMask = 2147483647;
			files = (
				BC6C3A6C26BB718600840001 /* LaunchScreen.storyboard in Resources */,
				BC489FE726C229F00094F140 /* Quicksand-SemiBold.ttf in Resources */,
				BC6C3A6926BB718600840001 /* Assets.xcassets in Resources */,
				BC486E6226C3981D0010EB0F /* Home.storyboard in Resources */,
				BC489FE626C229F00094F140 /* Quicksand-Regular.ttf in Resources */,
				BC6C3A6426BB718300840001 /* Main.storyboard in Resources */,
				BC489FE326C229F00094F140 /* Quicksand-Bold.ttf in Resources */,
				BC489FE426C229F00094F140 /* Quicksand-Light.ttf in Resources */,
				BC489FE526C229F00094F140 /* Quicksand-Medium.ttf in Resources */,
			);
			runOnlyForDeploymentPostprocessing = 0;
		};
		BC6C3A7026BB718700840001 /* Resources */ = {
			isa = PBXResourcesBuildPhase;
			buildActionMask = 2147483647;
			files = (
			);
			runOnlyForDeploymentPostprocessing = 0;
		};
		BC6C3A7B26BB718700840001 /* Resources */ = {
			isa = PBXResourcesBuildPhase;
			buildActionMask = 2147483647;
			files = (
			);
			runOnlyForDeploymentPostprocessing = 0;
		};
/* End PBXResourcesBuildPhase section */

/* Begin PBXSourcesBuildPhase section */
		BC6C3A5526BB718300840001 /* Sources */ = {
			isa = PBXSourcesBuildPhase;
			buildActionMask = 2147483647;
			files = (
				BC6C3A9226BB744000840001 /* Network.swift in Sources */,
				BC489FEB26C22C700094F140 /* UIComponents.swift in Sources */,
				BC6C3A6726BB718300840001 /* wchallenge.xcdatamodeld in Sources */,
				BC6C3A5D26BB718300840001 /* AppDelegate.swift in Sources */,
				BCFB215B26C24663007FCDC8 /* LogInViewModel.swift in Sources */,
				BC489FED26C231750094F140 /* LoginViewController.swift in Sources */,
				BC6C3A9A26BB767A00840001 /* LogInModel.swift in Sources */,
				BC486E6426C398330010EB0F /* HomeViewController.swift in Sources */,
				BC486E5B26C391E80010EB0F /* Util.swift in Sources */,
				BC6C3A5F26BB718300840001 /* SceneDelegate.swift in Sources */,
				BC6C3A9826BB74D900840001 /* LogInService.swift in Sources */,
			);
			runOnlyForDeploymentPostprocessing = 0;
		};
		BC6C3A6E26BB718700840001 /* Sources */ = {
			isa = PBXSourcesBuildPhase;
			buildActionMask = 2147483647;
			files = (
				BC6C3A7726BB718700840001 /* wchallengeTests.swift in Sources */,
			);
			runOnlyForDeploymentPostprocessing = 0;
		};
		BC6C3A7926BB718700840001 /* Sources */ = {
			isa = PBXSourcesBuildPhase;
			buildActionMask = 2147483647;
			files = (
				BC6C3A8226BB718700840001 /* wchallengeUITests.swift in Sources */,
			);
			runOnlyForDeploymentPostprocessing = 0;
		};
/* End PBXSourcesBuildPhase section */

/* Begin PBXTargetDependency section */
		BC489FFE26C2409B0094F140 /* PBXTargetDependency */ = {
			isa = PBXTargetDependency;
			target = BC6C3A5826BB718300840001 /* wchallenge */;
			targetProxy = BC489FFD26C2409B0094F140 /* PBXContainerItemProxy */;
		};
		BC6C3A7F26BB718700840001 /* PBXTargetDependency */ = {
			isa = PBXTargetDependency;
			target = BC6C3A5826BB718300840001 /* wchallenge */;
			targetProxy = BC6C3A7E26BB718700840001 /* PBXContainerItemProxy */;
		};
/* End PBXTargetDependency section */

/* Begin PBXVariantGroup section */
		BC6C3A6226BB718300840001 /* Main.storyboard */ = {
			isa = PBXVariantGroup;
			children = (
				BC6C3A6326BB718300840001 /* Base */,
			);
			name = Main.storyboard;
			sourceTree = "<group>";
		};
		BC6C3A6A26BB718600840001 /* LaunchScreen.storyboard */ = {
			isa = PBXVariantGroup;
			children = (
				BC6C3A6B26BB718600840001 /* Base */,
			);
			name = LaunchScreen.storyboard;
			sourceTree = "<group>";
		};
/* End PBXVariantGroup section */

/* Begin XCBuildConfiguration section */
		BC6C3A8426BB718700840001 /* Debug */ = {
			isa = XCBuildConfiguration;
			buildSettings = {
				ALWAYS_SEARCH_USER_PATHS = NO;
				CLANG_ANALYZER_NONNULL = YES;
				CLANG_ANALYZER_NUMBER_OBJECT_CONVERSION = YES_AGGRESSIVE;
				CLANG_CXX_LANGUAGE_STANDARD = "gnu++14";
				CLANG_CXX_LIBRARY = "libc++";
				CLANG_ENABLE_MODULES = YES;
				CLANG_ENABLE_OBJC_ARC = YES;
				CLANG_ENABLE_OBJC_WEAK = YES;
				CLANG_WARN_BLOCK_CAPTURE_AUTORELEASING = YES;
				CLANG_WARN_BOOL_CONVERSION = YES;
				CLANG_WARN_COMMA = YES;
				CLANG_WARN_CONSTANT_CONVERSION = YES;
				CLANG_WARN_DEPRECATED_OBJC_IMPLEMENTATIONS = YES;
				CLANG_WARN_DIRECT_OBJC_ISA_USAGE = YES_ERROR;
				CLANG_WARN_DOCUMENTATION_COMMENTS = YES;
				CLANG_WARN_EMPTY_BODY = YES;
				CLANG_WARN_ENUM_CONVERSION = YES;
				CLANG_WARN_INFINITE_RECURSION = YES;
				CLANG_WARN_INT_CONVERSION = YES;
				CLANG_WARN_NON_LITERAL_NULL_CONVERSION = YES;
				CLANG_WARN_OBJC_IMPLICIT_RETAIN_SELF = YES;
				CLANG_WARN_OBJC_LITERAL_CONVERSION = YES;
				CLANG_WARN_OBJC_ROOT_CLASS = YES_ERROR;
				CLANG_WARN_QUOTED_INCLUDE_IN_FRAMEWORK_HEADER = YES;
				CLANG_WARN_RANGE_LOOP_ANALYSIS = YES;
				CLANG_WARN_STRICT_PROTOTYPES = YES;
				CLANG_WARN_SUSPICIOUS_MOVE = YES;
				CLANG_WARN_UNGUARDED_AVAILABILITY = YES_AGGRESSIVE;
				CLANG_WARN_UNREACHABLE_CODE = YES;
				CLANG_WARN__DUPLICATE_METHOD_MATCH = YES;
				COPY_PHASE_STRIP = NO;
				DEBUG_INFORMATION_FORMAT = dwarf;
				ENABLE_STRICT_OBJC_MSGSEND = YES;
				ENABLE_TESTABILITY = YES;
				GCC_C_LANGUAGE_STANDARD = gnu11;
				GCC_DYNAMIC_NO_PIC = NO;
				GCC_NO_COMMON_BLOCKS = YES;
				GCC_OPTIMIZATION_LEVEL = 0;
				GCC_PREPROCESSOR_DEFINITIONS = (
					"DEBUG=1",
					"$(inherited)",
				);
				GCC_WARN_64_TO_32_BIT_CONVERSION = YES;
				GCC_WARN_ABOUT_RETURN_TYPE = YES_ERROR;
				GCC_WARN_UNDECLARED_SELECTOR = YES;
				GCC_WARN_UNINITIALIZED_AUTOS = YES_AGGRESSIVE;
				GCC_WARN_UNUSED_FUNCTION = YES;
				GCC_WARN_UNUSED_VARIABLE = YES;
				IPHONEOS_DEPLOYMENT_TARGET = 14.5;
				MTL_ENABLE_DEBUG_INFO = INCLUDE_SOURCE;
				MTL_FAST_MATH = YES;
				ONLY_ACTIVE_ARCH = YES;
				SDKROOT = iphoneos;
				SWIFT_ACTIVE_COMPILATION_CONDITIONS = DEBUG;
				SWIFT_OPTIMIZATION_LEVEL = "-Onone";
			};
			name = Debug;
		};
		BC6C3A8526BB718700840001 /* Release */ = {
			isa = XCBuildConfiguration;
			buildSettings = {
				ALWAYS_SEARCH_USER_PATHS = NO;
				CLANG_ANALYZER_NONNULL = YES;
				CLANG_ANALYZER_NUMBER_OBJECT_CONVERSION = YES_AGGRESSIVE;
				CLANG_CXX_LANGUAGE_STANDARD = "gnu++14";
				CLANG_CXX_LIBRARY = "libc++";
				CLANG_ENABLE_MODULES = YES;
				CLANG_ENABLE_OBJC_ARC = YES;
				CLANG_ENABLE_OBJC_WEAK = YES;
				CLANG_WARN_BLOCK_CAPTURE_AUTORELEASING = YES;
				CLANG_WARN_BOOL_CONVERSION = YES;
				CLANG_WARN_COMMA = YES;
				CLANG_WARN_CONSTANT_CONVERSION = YES;
				CLANG_WARN_DEPRECATED_OBJC_IMPLEMENTATIONS = YES;
				CLANG_WARN_DIRECT_OBJC_ISA_USAGE = YES_ERROR;
				CLANG_WARN_DOCUMENTATION_COMMENTS = YES;
				CLANG_WARN_EMPTY_BODY = YES;
				CLANG_WARN_ENUM_CONVERSION = YES;
				CLANG_WARN_INFINITE_RECURSION = YES;
				CLANG_WARN_INT_CONVERSION = YES;
				CLANG_WARN_NON_LITERAL_NULL_CONVERSION = YES;
				CLANG_WARN_OBJC_IMPLICIT_RETAIN_SELF = YES;
				CLANG_WARN_OBJC_LITERAL_CONVERSION = YES;
				CLANG_WARN_OBJC_ROOT_CLASS = YES_ERROR;
				CLANG_WARN_QUOTED_INCLUDE_IN_FRAMEWORK_HEADER = YES;
				CLANG_WARN_RANGE_LOOP_ANALYSIS = YES;
				CLANG_WARN_STRICT_PROTOTYPES = YES;
				CLANG_WARN_SUSPICIOUS_MOVE = YES;
				CLANG_WARN_UNGUARDED_AVAILABILITY = YES_AGGRESSIVE;
				CLANG_WARN_UNREACHABLE_CODE = YES;
				CLANG_WARN__DUPLICATE_METHOD_MATCH = YES;
				COPY_PHASE_STRIP = NO;
				DEBUG_INFORMATION_FORMAT = "dwarf-with-dsym";
				ENABLE_NS_ASSERTIONS = NO;
				ENABLE_STRICT_OBJC_MSGSEND = YES;
				GCC_C_LANGUAGE_STANDARD = gnu11;
				GCC_NO_COMMON_BLOCKS = YES;
				GCC_WARN_64_TO_32_BIT_CONVERSION = YES;
				GCC_WARN_ABOUT_RETURN_TYPE = YES_ERROR;
				GCC_WARN_UNDECLARED_SELECTOR = YES;
				GCC_WARN_UNINITIALIZED_AUTOS = YES_AGGRESSIVE;
				GCC_WARN_UNUSED_FUNCTION = YES;
				GCC_WARN_UNUSED_VARIABLE = YES;
				IPHONEOS_DEPLOYMENT_TARGET = 14.5;
				MTL_ENABLE_DEBUG_INFO = NO;
				MTL_FAST_MATH = YES;
				SDKROOT = iphoneos;
				SWIFT_COMPILATION_MODE = wholemodule;
				SWIFT_OPTIMIZATION_LEVEL = "-O";
				VALIDATE_PRODUCT = YES;
			};
			name = Release;
		};
		BC6C3A8726BB718700840001 /* Debug */ = {
			isa = XCBuildConfiguration;
			buildSettings = {
				ASSETCATALOG_COMPILER_APPICON_NAME = AppIcon;
				ASSETCATALOG_COMPILER_GLOBAL_ACCENT_COLOR_NAME = AccentColor;
				CODE_SIGN_STYLE = Automatic;
				DEVELOPMENT_TEAM = 75FTNVFG8C;
				INFOPLIST_FILE = wchallenge/Info.plist;
				LD_RUNPATH_SEARCH_PATHS = (
					"$(inherited)",
					"@executable_path/Frameworks",
				);
				PRODUCT_BUNDLE_IDENTIFIER = com.diego.wchallenge;
				PRODUCT_NAME = "$(TARGET_NAME)";
				STRIP_INSTALLED_PRODUCT = YES;
				SWIFT_VERSION = 5.0;
				TARGETED_DEVICE_FAMILY = "1,2";
			};
			name = Debug;
		};
		BC6C3A8826BB718700840001 /* Release */ = {
			isa = XCBuildConfiguration;
			buildSettings = {
				ASSETCATALOG_COMPILER_APPICON_NAME = AppIcon;
				ASSETCATALOG_COMPILER_GLOBAL_ACCENT_COLOR_NAME = AccentColor;
				CODE_SIGN_STYLE = Automatic;
				DEVELOPMENT_TEAM = 75FTNVFG8C;
				INFOPLIST_FILE = wchallenge/Info.plist;
				LD_RUNPATH_SEARCH_PATHS = (
					"$(inherited)",
					"@executable_path/Frameworks",
				);
				PRODUCT_BUNDLE_IDENTIFIER = com.diego.wchallenge;
				PRODUCT_NAME = "$(TARGET_NAME)";
				STRIP_INSTALLED_PRODUCT = YES;
				SWIFT_VERSION = 5.0;
				TARGETED_DEVICE_FAMILY = "1,2";
			};
			name = Release;
		};
		BC6C3A8A26BB718700840001 /* Debug */ = {
			isa = XCBuildConfiguration;
			buildSettings = {
				ALWAYS_EMBED_SWIFT_STANDARD_LIBRARIES = YES;
				BUNDLE_LOADER = "$(TEST_HOST)";
				CODE_SIGN_STYLE = Automatic;
				DEVELOPMENT_TEAM = 75FTNVFG8C;
				INFOPLIST_FILE = wchallengeTests/Info.plist;
				IPHONEOS_DEPLOYMENT_TARGET = 14.5;
				LD_RUNPATH_SEARCH_PATHS = (
					"$(inherited)",
					"@executable_path/Frameworks",
					"@loader_path/Frameworks",
				);
				PRODUCT_BUNDLE_IDENTIFIER = com.diego.wchallengeTests;
				PRODUCT_NAME = "$(TARGET_NAME)";
				SWIFT_VERSION = 5.0;
				TARGETED_DEVICE_FAMILY = "1,2";
				TEST_HOST = "$(BUILT_PRODUCTS_DIR)/wchallenge.app/wchallenge";
			};
			name = Debug;
		};
		BC6C3A8B26BB718700840001 /* Release */ = {
			isa = XCBuildConfiguration;
			buildSettings = {
				ALWAYS_EMBED_SWIFT_STANDARD_LIBRARIES = YES;
				BUNDLE_LOADER = "$(TEST_HOST)";
				CODE_SIGN_STYLE = Automatic;
				DEVELOPMENT_TEAM = 75FTNVFG8C;
				INFOPLIST_FILE = wchallengeTests/Info.plist;
				IPHONEOS_DEPLOYMENT_TARGET = 14.5;
				LD_RUNPATH_SEARCH_PATHS = (
					"$(inherited)",
					"@executable_path/Frameworks",
					"@loader_path/Frameworks",
				);
				PRODUCT_BUNDLE_IDENTIFIER = com.diego.wchallengeTests;
				PRODUCT_NAME = "$(TARGET_NAME)";
				SWIFT_VERSION = 5.0;
				TARGETED_DEVICE_FAMILY = "1,2";
				TEST_HOST = "$(BUILT_PRODUCTS_DIR)/wchallenge.app/wchallenge";
			};
			name = Release;
		};
		BC6C3A8D26BB718700840001 /* Debug */ = {
			isa = XCBuildConfiguration;
			buildSettings = {
				ALWAYS_EMBED_SWIFT_STANDARD_LIBRARIES = YES;
				CODE_SIGN_STYLE = Automatic;
				DEVELOPMENT_TEAM = 75FTNVFG8C;
				INFOPLIST_FILE = wchallengeUITests/Info.plist;
				LD_RUNPATH_SEARCH_PATHS = (
					"$(inherited)",
					"@executable_path/Frameworks",
					"@loader_path/Frameworks",
				);
				PRODUCT_BUNDLE_IDENTIFIER = com.diego.wchallengeUITests;
				PRODUCT_NAME = "$(TARGET_NAME)";
				SWIFT_VERSION = 5.0;
				TARGETED_DEVICE_FAMILY = "1,2";
				TEST_TARGET_NAME = wchallenge;
			};
			name = Debug;
		};
		BC6C3A8E26BB718700840001 /* Release */ = {
			isa = XCBuildConfiguration;
			buildSettings = {
				ALWAYS_EMBED_SWIFT_STANDARD_LIBRARIES = YES;
				CODE_SIGN_STYLE = Automatic;
				DEVELOPMENT_TEAM = 75FTNVFG8C;
				INFOPLIST_FILE = wchallengeUITests/Info.plist;
				LD_RUNPATH_SEARCH_PATHS = (
					"$(inherited)",
					"@executable_path/Frameworks",
					"@loader_path/Frameworks",
				);
				PRODUCT_BUNDLE_IDENTIFIER = com.diego.wchallengeUITests;
				PRODUCT_NAME = "$(TARGET_NAME)";
				SWIFT_VERSION = 5.0;
				TARGETED_DEVICE_FAMILY = "1,2";
				TEST_TARGET_NAME = wchallenge;
			};
			name = Release;
		};
/* End XCBuildConfiguration section */

/* Begin XCConfigurationList section */
		BC6C3A5426BB718300840001 /* Build configuration list for PBXProject "wchallenge" */ = {
			isa = XCConfigurationList;
			buildConfigurations = (
				BC6C3A8426BB718700840001 /* Debug */,
				BC6C3A8526BB718700840001 /* Release */,
			);
			defaultConfigurationIsVisible = 0;
			defaultConfigurationName = Release;
		};
		BC6C3A8626BB718700840001 /* Build configuration list for PBXNativeTarget "wchallenge" */ = {
			isa = XCConfigurationList;
			buildConfigurations = (
				BC6C3A8726BB718700840001 /* Debug */,
				BC6C3A8826BB718700840001 /* Release */,
			);
			defaultConfigurationIsVisible = 0;
			defaultConfigurationName = Release;
		};
		BC6C3A8926BB718700840001 /* Build configuration list for PBXNativeTarget "wchallengeTests" */ = {
			isa = XCConfigurationList;
			buildConfigurations = (
				BC6C3A8A26BB718700840001 /* Debug */,
				BC6C3A8B26BB718700840001 /* Release */,
			);
			defaultConfigurationIsVisible = 0;
			defaultConfigurationName = Release;
		};
		BC6C3A8C26BB718700840001 /* Build configuration list for PBXNativeTarget "wchallengeUITests" */ = {
			isa = XCConfigurationList;
			buildConfigurations = (
				BC6C3A8D26BB718700840001 /* Debug */,
				BC6C3A8E26BB718700840001 /* Release */,
			);
			defaultConfigurationIsVisible = 0;
			defaultConfigurationName = Release;
		};
/* End XCConfigurationList section */

/* Begin XCRemoteSwiftPackageReference section */
		BC489FF126C23CC10094F140 /* XCRemoteSwiftPackageReference "IQKeyboardManager" */ = {
			isa = XCRemoteSwiftPackageReference;
			repositoryURL = "https://github.com/hackiftekhar/IQKeyboardManager.git";
			requirement = {
				kind = upToNextMajorVersion;
				minimumVersion = 6.5.6;
			};
		};
		BC489FF426C23D0C0094F140 /* XCRemoteSwiftPackageReference "Kingfisher" */ = {
			isa = XCRemoteSwiftPackageReference;
			repositoryURL = "https://github.com/onevcat/Kingfisher.git";
			requirement = {
				kind = upToNextMajorVersion;
				minimumVersion = 6.3.1;
			};
		};
/* End XCRemoteSwiftPackageReference section */

/* Begin XCSwiftPackageProductDependency section */
		BC489FF226C23CC10094F140 /* IQKeyboardManagerSwift */ = {
			isa = XCSwiftPackageProductDependency;
			package = BC489FF126C23CC10094F140 /* XCRemoteSwiftPackageReference "IQKeyboardManager" */;
			productName = IQKeyboardManagerSwift;
		};
		BC489FF526C23D0C0094F140 /* Kingfisher */ = {
			isa = XCSwiftPackageProductDependency;
			package = BC489FF426C23D0C0094F140 /* XCRemoteSwiftPackageReference "Kingfisher" */;
			productName = Kingfisher;
		};
/* End XCSwiftPackageProductDependency section */

/* Begin XCVersionGroup section */
		BC6C3A6526BB718300840001 /* wchallenge.xcdatamodeld */ = {
			isa = XCVersionGroup;
			children = (
				BC6C3A6626BB718300840001 /* wchallenge.xcdatamodel */,
			);
			currentVersion = BC6C3A6626BB718300840001 /* wchallenge.xcdatamodel */;
			path = wchallenge.xcdatamodeld;
			sourceTree = "<group>";
			versionGroupType = wrapper.xcdatamodel;
		};
/* End XCVersionGroup section */
	};
	rootObject = BC6C3A5126BB718300840001 /* Project object */;
}
